// !$*UTF8*$!
{
	archiveVersion = 1;
	classes = {
	};
	objectVersion = 50;
	objects = {

/* Begin PBXBuildFile section */
		860B540824B5E44B004280F2 /* PHDivisions.h in Headers */ = {isa = PBXBuildFile; fileRef = 860B540624B5E44B004280F2 /* PHDivisions.h */; settings = {ATTRIBUTES = (Public, ); }; };
		8640CCEC24B85979003005B2 /* PHCity.swift in Sources */ = {isa = PBXBuildFile; fileRef = 8640CCEB24B85979003005B2 /* PHCity.swift */; };
		864EDE7424B82EE600CB4A0B /* cities.plist in Resources */ = {isa = PBXBuildFile; fileRef = 864EDE7324B82EE600CB4A0B /* cities.plist */; };
		864EDE7624B8306900CB4A0B /* cities.json in Resources */ = {isa = PBXBuildFile; fileRef = 864EDE7524B8306900CB4A0B /* cities.json */; };
		864EDE7824B830FC00CB4A0B /* Main.storyboard in Resources */ = {isa = PBXBuildFile; fileRef = 864EDE7724B830FC00CB4A0B /* Main.storyboard */; };
		9835EAF3F3B21C12635421F1 /* Pods_PHDivisions.framework in Frameworks */ = {isa = PBXBuildFile; fileRef = D2EBB8E637303AC6C9A57746 /* Pods_PHDivisions.framework */; };
/* End PBXBuildFile section */

/* Begin PBXFileReference section */
		391D68301B2CFD2D18F4612C /* Pods-PHDivisions.release.xcconfig */ = {isa = PBXFileReference; includeInIndex = 1; lastKnownFileType = text.xcconfig; name = "Pods-PHDivisions.release.xcconfig"; path = "Target Support Files/Pods-PHDivisions/Pods-PHDivisions.release.xcconfig"; sourceTree = "<group>"; };
		67962831450CAFD7501CB87F /* Pods-PHDivisions.debug.xcconfig */ = {isa = PBXFileReference; includeInIndex = 1; lastKnownFileType = text.xcconfig; name = "Pods-PHDivisions.debug.xcconfig"; path = "Target Support Files/Pods-PHDivisions/Pods-PHDivisions.debug.xcconfig"; sourceTree = "<group>"; };
		860B540324B5E44B004280F2 /* PHDivisions.framework */ = {isa = PBXFileReference; explicitFileType = wrapper.framework; includeInIndex = 0; path = PHDivisions.framework; sourceTree = BUILT_PRODUCTS_DIR; };
		860B540624B5E44B004280F2 /* PHDivisions.h */ = {isa = PBXFileReference; lastKnownFileType = sourcecode.c.h; path = PHDivisions.h; sourceTree = "<group>"; };
		860B540724B5E44B004280F2 /* Info.plist */ = {isa = PBXFileReference; lastKnownFileType = text.plist.xml; path = Info.plist; sourceTree = "<group>"; };
		8640CCEB24B85979003005B2 /* PHCity.swift */ = {isa = PBXFileReference; lastKnownFileType = sourcecode.swift; path = PHCity.swift; sourceTree = "<group>"; };
		864EDE7324B82EE600CB4A0B /* cities.plist */ = {isa = PBXFileReference; fileEncoding = 4; lastKnownFileType = text.plist.xml; path = cities.plist; sourceTree = "<group>"; };
		864EDE7524B8306900CB4A0B /* cities.json */ = {isa = PBXFileReference; fileEncoding = 4; lastKnownFileType = text.json; path = cities.json; sourceTree = "<group>"; };
		864EDE7724B830FC00CB4A0B /* Main.storyboard */ = {isa = PBXFileReference; lastKnownFileType = file.storyboard; path = Main.storyboard; sourceTree = "<group>"; };
		D2EBB8E637303AC6C9A57746 /* Pods_PHDivisions.framework */ = {isa = PBXFileReference; explicitFileType = wrapper.framework; includeInIndex = 0; path = Pods_PHDivisions.framework; sourceTree = BUILT_PRODUCTS_DIR; };
/* End PBXFileReference section */

/* Begin PBXFrameworksBuildPhase section */
		860B540024B5E44B004280F2 /* Frameworks */ = {
			isa = PBXFrameworksBuildPhase;
			buildActionMask = 2147483647;
			files = (
				9835EAF3F3B21C12635421F1 /* Pods_PHDivisions.framework in Frameworks */,
			);
			runOnlyForDeploymentPostprocessing = 0;
		};
/* End PBXFrameworksBuildPhase section */

/* Begin PBXGroup section */
		3C132BE00675435567D4C0CC /* Pods */ = {
			isa = PBXGroup;
			children = (
				67962831450CAFD7501CB87F /* Pods-PHDivisions.debug.xcconfig */,
				391D68301B2CFD2D18F4612C /* Pods-PHDivisions.release.xcconfig */,
			);
			path = Pods;
			sourceTree = "<group>";
		};
		5FA8B4559C43720CB934B2D0 /* Frameworks */ = {
			isa = PBXGroup;
			children = (
				D2EBB8E637303AC6C9A57746 /* Pods_PHDivisions.framework */,
			);
			name = Frameworks;
			sourceTree = "<group>";
		};
		860B53F924B5E44B004280F2 = {
			isa = PBXGroup;
			children = (
				864EDE7724B830FC00CB4A0B /* Main.storyboard */,
				860B540524B5E44B004280F2 /* PHDivisions */,
				860B540424B5E44B004280F2 /* Products */,
				3C132BE00675435567D4C0CC /* Pods */,
				5FA8B4559C43720CB934B2D0 /* Frameworks */,
			);
			sourceTree = "<group>";
		};
		860B540424B5E44B004280F2 /* Products */ = {
			isa = PBXGroup;
			children = (
				860B540324B5E44B004280F2 /* PHDivisions.framework */,
			);
			name = Products;
			sourceTree = "<group>";
		};
		860B540524B5E44B004280F2 /* PHDivisions */ = {
			isa = PBXGroup;
			children = (
				864EDE7224B82ECF00CB4A0B /* Resources */,
				860B540624B5E44B004280F2 /* PHDivisions.h */,
				860B540724B5E44B004280F2 /* Info.plist */,
				8640CCEB24B85979003005B2 /* PHCity.swift */,
			);
			path = PHDivisions;
			sourceTree = "<group>";
		};
		864EDE7224B82ECF00CB4A0B /* Resources */ = {
			isa = PBXGroup;
			children = (
				864EDE7524B8306900CB4A0B /* cities.json */,
				864EDE7324B82EE600CB4A0B /* cities.plist */,
			);
			path = Resources;
			sourceTree = "<group>";
		};
/* End PBXGroup section */

/* Begin PBXHeadersBuildPhase section */
		860B53FE24B5E44B004280F2 /* Headers */ = {
			isa = PBXHeadersBuildPhase;
			buildActionMask = 2147483647;
			files = (
				860B540824B5E44B004280F2 /* PHDivisions.h in Headers */,
			);
			runOnlyForDeploymentPostprocessing = 0;
		};
/* End PBXHeadersBuildPhase section */

/* Begin PBXNativeTarget section */
		860B540224B5E44B004280F2 /* PHDivisions */ = {
			isa = PBXNativeTarget;
			buildConfigurationList = 860B540B24B5E44B004280F2 /* Build configuration list for PBXNativeTarget "PHDivisions" */;
			buildPhases = (
				54A4F81556D683809F7E795F /* [CP] Check Pods Manifest.lock */,
				860B53FE24B5E44B004280F2 /* Headers */,
				860B53FF24B5E44B004280F2 /* Sources */,
				860B540024B5E44B004280F2 /* Frameworks */,
				860B540124B5E44B004280F2 /* Resources */,
			);
			buildRules = (
			);
			dependencies = (
			);
			name = PHDivisions;
			productName = PHDivisions;
			productReference = 860B540324B5E44B004280F2 /* PHDivisions.framework */;
			productType = "com.apple.product-type.framework";
		};
/* End PBXNativeTarget section */

/* Begin PBXProject section */
		860B53FA24B5E44B004280F2 /* Project object */ = {
			isa = PBXProject;
			attributes = {
				LastUpgradeCheck = 1150;
				ORGANIZATIONNAME = VVC;
				TargetAttributes = {
					860B540224B5E44B004280F2 = {
						CreatedOnToolsVersion = 11.5;
						LastSwiftMigration = 1150;
					};
				};
			};
			buildConfigurationList = 860B53FD24B5E44B004280F2 /* Build configuration list for PBXProject "PHDivisions" */;
			compatibilityVersion = "Xcode 9.3";
			developmentRegion = en;
			hasScannedForEncodings = 0;
			knownRegions = (
				en,
				Base,
			);
			mainGroup = 860B53F924B5E44B004280F2;
			productRefGroup = 860B540424B5E44B004280F2 /* Products */;
			projectDirPath = "";
			projectRoot = "";
			targets = (
				860B540224B5E44B004280F2 /* PHDivisions */,
			);
		};
/* End PBXProject section */

/* Begin PBXResourcesBuildPhase section */
		860B540124B5E44B004280F2 /* Resources */ = {
			isa = PBXResourcesBuildPhase;
			buildActionMask = 2147483647;
			files = (
				864EDE7824B830FC00CB4A0B /* Main.storyboard in Resources */,
				864EDE7624B8306900CB4A0B /* cities.json in Resources */,
				864EDE7424B82EE600CB4A0B /* cities.plist in Resources */,
			);
			runOnlyForDeploymentPostprocessing = 0;
		};
/* End PBXResourcesBuildPhase section */

/* Begin PBXShellScriptBuildPhase section */
		54A4F81556D683809F7E795F /* [CP] Check Pods Manifest.lock */ = {
			isa = PBXShellScriptBuildPhase;
			buildActionMask = 2147483647;
			files = (
			);
			inputFileListPaths = (
			);
			inputPaths = (
				"${PODS_PODFILE_DIR_PATH}/Podfile.lock",
				"${PODS_ROOT}/Manifest.lock",
			);
			name = "[CP] Check Pods Manifest.lock";
			outputFileListPaths = (
			);
			outputPaths = (
				"$(DERIVED_FILE_DIR)/Pods-PHDivisions-checkManifestLockResult.txt",
			);
			runOnlyForDeploymentPostprocessing = 0;
			shellPath = /bin/sh;
			shellScript = "diff \"${PODS_PODFILE_DIR_PATH}/Podfile.lock\" \"${PODS_ROOT}/Manifest.lock\" > /dev/null\nif [ $? != 0 ] ; then\n    # print error to STDERR\n    echo \"error: The sandbox is not in sync with the Podfile.lock. Run 'pod install' or update your CocoaPods installation.\" >&2\n    exit 1\nfi\n# This output is used by Xcode 'outputs' to avoid re-running this script phase.\necho \"SUCCESS\" > \"${SCRIPT_OUTPUT_FILE_0}\"\n";
			showEnvVarsInLog = 0;
		};
/* End PBXShellScriptBuildPhase section */

/* Begin PBXSourcesBuildPhase section */
		860B53FF24B5E44B004280F2 /* Sources */ = {
			isa = PBXSourcesBuildPhase;
			buildActionMask = 2147483647;
			files = (
				8640CCEC24B85979003005B2 /* PHCity.swift in Sources */,
			);
			runOnlyForDeploymentPostprocessing = 0;
		};
/* End PBXSourcesBuildPhase section */

/* Begin XCBuildConfiguration section */
		860B540924B5E44B004280F2 /* Debug */ = {
			isa = XCBuildConfiguration;
			buildSettings = {
				ALWAYS_SEARCH_USER_PATHS = NO;
				CLANG_ANALYZER_NONNULL = YES;
				CLANG_ANALYZER_NUMBER_OBJECT_CONVERSION = YES_AGGRESSIVE;
				CLANG_CXX_LANGUAGE_STANDARD = "gnu++14";
				CLANG_CXX_LIBRARY = "libc++";
				CLANG_ENABLE_MODULES = YES;
				CLANG_ENABLE_OBJC_ARC = YES;
				CLANG_ENABLE_OBJC_WEAK = YES;
				CLANG_WARN_BLOCK_CAPTURE_AUTORELEASING = YES;
				CLANG_WARN_BOOL_CONVERSION = YES;
				CLANG_WARN_COMMA = YES;
				CLANG_WARN_CONSTANT_CONVERSION = YES;
				CLANG_WARN_DEPRECATED_OBJC_IMPLEMENTATIONS = YES;
				CLANG_WARN_DIRECT_OBJC_ISA_USAGE = YES_ERROR;
				CLANG_WARN_DOCUMENTATION_COMMENTS = YES;
				CLANG_WARN_EMPTY_BODY = YES;
				CLANG_WARN_ENUM_CONVERSION = YES;
				CLANG_WARN_INFINITE_RECURSION = YES;
				CLANG_WARN_INT_CONVERSION = YES;
				CLANG_WARN_NON_LITERAL_NULL_CONVERSION = YES;
				CLANG_WARN_OBJC_IMPLICIT_RETAIN_SELF = YES;
				CLANG_WARN_OBJC_LITERAL_CONVERSION = YES;
				CLANG_WARN_OBJC_ROOT_CLASS = YES_ERROR;
				CLANG_WARN_RANGE_LOOP_ANALYSIS = YES;
				CLANG_WARN_STRICT_PROTOTYPES = YES;
				CLANG_WARN_SUSPICIOUS_MOVE = YES;
				CLANG_WARN_UNGUARDED_AVAILABILITY = YES_AGGRESSIVE;
				CLANG_WARN_UNREACHABLE_CODE = YES;
				CLANG_WARN__DUPLICATE_METHOD_MATCH = YES;
				COPY_PHASE_STRIP = NO;
				CURRENT_PROJECT_VERSION = 1;
				DEBUG_INFORMATION_FORMAT = dwarf;
				ENABLE_STRICT_OBJC_MSGSEND = YES;
				ENABLE_TESTABILITY = YES;
				GCC_C_LANGUAGE_STANDARD = gnu11;
				GCC_DYNAMIC_NO_PIC = NO;
				GCC_NO_COMMON_BLOCKS = YES;
				GCC_OPTIMIZATION_LEVEL = 0;
				GCC_PREPROCESSOR_DEFINITIONS = (
					"DEBUG=1",
					"$(inherited)",
				);
				GCC_WARN_64_TO_32_BIT_CONVERSION = YES;
				GCC_WARN_ABOUT_RETURN_TYPE = YES_ERROR;
				GCC_WARN_UNDECLARED_SELECTOR = YES;
				GCC_WARN_UNINITIALIZED_AUTOS = YES_AGGRESSIVE;
				GCC_WARN_UNUSED_FUNCTION = YES;
				GCC_WARN_UNUSED_VARIABLE = YES;
				IPHONEOS_DEPLOYMENT_TARGET = 13.5;
				MTL_ENABLE_DEBUG_INFO = INCLUDE_SOURCE;
				MTL_FAST_MATH = YES;
				ONLY_ACTIVE_ARCH = YES;
				SDKROOT = iphoneos;
				SWIFT_ACTIVE_COMPILATION_CONDITIONS = DEBUG;
				SWIFT_OPTIMIZATION_LEVEL = "-Onone";
				VERSIONING_SYSTEM = "apple-generic";
				VERSION_INFO_PREFIX = "";
			};
			name = Debug;
		};
		860B540A24B5E44B004280F2 /* Release */ = {
			isa = XCBuildConfiguration;
			buildSettings = {
				ALWAYS_SEARCH_USER_PATHS = NO;
				CLANG_ANALYZER_NONNULL = YES;
				CLANG_ANALYZER_NUMBER_OBJECT_CONVERSION = YES_AGGRESSIVE;
				CLANG_CXX_LANGUAGE_STANDARD = "gnu++14";
				CLANG_CXX_LIBRARY = "libc++";
				CLANG_ENABLE_MODULES = YES;
				CLANG_ENABLE_OBJC_ARC = YES;
				CLANG_ENABLE_OBJC_WEAK = YES;
				CLANG_WARN_BLOCK_CAPTURE_AUTORELEASING = YES;
				CLANG_WARN_BOOL_CONVERSION = YES;
				CLANG_WARN_COMMA = YES;
				CLANG_WARN_CONSTANT_CONVERSION = YES;
				CLANG_WARN_DEPRECATED_OBJC_IMPLEMENTATIONS = YES;
				CLANG_WARN_DIRECT_OBJC_ISA_USAGE = YES_ERROR;
				CLANG_WARN_DOCUMENTATION_COMMENTS = YES;
				CLANG_WARN_EMPTY_BODY = YES;
				CLANG_WARN_ENUM_CONVERSION = YES;
				CLANG_WARN_INFINITE_RECURSION = YES;
				CLANG_WARN_INT_CONVERSION = YES;
				CLANG_WARN_NON_LITERAL_NULL_CONVERSION = YES;
				CLANG_WARN_OBJC_IMPLICIT_RETAIN_SELF = YES;
				CLANG_WARN_OBJC_LITERAL_CONVERSION = YES;
				CLANG_WARN_OBJC_ROOT_CLASS = YES_ERROR;
				CLANG_WARN_RANGE_LOOP_ANALYSIS = YES;
				CLANG_WARN_STRICT_PROTOTYPES = YES;
				CLANG_WARN_SUSPICIOUS_MOVE = YES;
				CLANG_WARN_UNGUARDED_AVAILABILITY = YES_AGGRESSIVE;
				CLANG_WARN_UNREACHABLE_CODE = YES;
				CLANG_WARN__DUPLICATE_METHOD_MATCH = YES;
				COPY_PHASE_STRIP = NO;
				CURRENT_PROJECT_VERSION = 1;
				DEBUG_INFORMATION_FORMAT = "dwarf-with-dsym";
				ENABLE_NS_ASSERTIONS = NO;
				ENABLE_STRICT_OBJC_MSGSEND = YES;
				GCC_C_LANGUAGE_STANDARD = gnu11;
				GCC_NO_COMMON_BLOCKS = YES;
				GCC_WARN_64_TO_32_BIT_CONVERSION = YES;
				GCC_WARN_ABOUT_RETURN_TYPE = YES_ERROR;
				GCC_WARN_UNDECLARED_SELECTOR = YES;
				GCC_WARN_UNINITIALIZED_AUTOS = YES_AGGRESSIVE;
				GCC_WARN_UNUSED_FUNCTION = YES;
				GCC_WARN_UNUSED_VARIABLE = YES;
				IPHONEOS_DEPLOYMENT_TARGET = 13.5;
				MTL_ENABLE_DEBUG_INFO = NO;
				MTL_FAST_MATH = YES;
				SDKROOT = iphoneos;
				SWIFT_COMPILATION_MODE = wholemodule;
				SWIFT_OPTIMIZATION_LEVEL = "-O";
				VALIDATE_PRODUCT = YES;
				VERSIONING_SYSTEM = "apple-generic";
				VERSION_INFO_PREFIX = "";
			};
			name = Release;
		};
		860B540C24B5E44B004280F2 /* Debug */ = {
			isa = XCBuildConfiguration;
			baseConfigurationReference = 67962831450CAFD7501CB87F /* Pods-PHDivisions.debug.xcconfig */;
			buildSettings = {
				CLANG_ENABLE_MODULES = YES;
				CODE_SIGN_STYLE = Automatic;
				DEFINES_MODULE = YES;
				DEVELOPMENT_TEAM = 6UWE2EP59T;
				DYLIB_COMPATIBILITY_VERSION = 1;
				DYLIB_CURRENT_VERSION = 1;
				DYLIB_INSTALL_NAME_BASE = "@rpath";
				INFOPLIST_FILE = PHDivisions/Info.plist;
				INSTALL_PATH = "$(LOCAL_LIBRARY_DIR)/Frameworks";
				IPHONEOS_DEPLOYMENT_TARGET = 12.0;
				LD_RUNPATH_SEARCH_PATHS = (
					"$(inherited)",
					"@executable_path/Frameworks",
					"@loader_path/Frameworks",
				);
				PRODUCT_BUNDLE_IDENTIFIER = com.vvc.PHDivisions;
				PRODUCT_NAME = "$(TARGET_NAME:c99extidentifier)";
				SKIP_INSTALL = YES;
				SUPPORTS_MACCATALYST = YES;
				SWIFT_OPTIMIZATION_LEVEL = "-Onone";
				SWIFT_VERSION = 5.0;
				TARGETED_DEVICE_FAMILY = "1,2";
			};
			name = Debug;
		};
		860B540D24B5E44B004280F2 /* Release */ = {
			isa = XCBuildConfiguration;
			baseConfigurationReference = 391D68301B2CFD2D18F4612C /* Pods-PHDivisions.release.xcconfig */;
			buildSettings = {
				CLANG_ENABLE_MODULES = YES;
				CODE_SIGN_STYLE = Automatic;
				DEFINES_MODULE = YES;
				DEVELOPMENT_TEAM = 6UWE2EP59T;
				DYLIB_COMPATIBILITY_VERSION = 1;
				DYLIB_CURRENT_VERSION = 1;
				DYLIB_INSTALL_NAME_BASE = "@rpath";
				INFOPLIST_FILE = PHDivisions/Info.plist;
				INSTALL_PATH = "$(LOCAL_LIBRARY_DIR)/Frameworks";
				IPHONEOS_DEPLOYMENT_TARGET = 12.0;
				LD_RUNPATH_SEARCH_PATHS = (
					"$(inherited)",
					"@executable_path/Frameworks",
					"@loader_path/Frameworks",
				);
				PRODUCT_BUNDLE_IDENTIFIER = com.vvc.PHDivisions;
				PRODUCT_NAME = "$(TARGET_NAME:c99extidentifier)";
				SKIP_INSTALL = YES;
				SUPPORTS_MACCATALYST = YES;
				SWIFT_VERSION = 5.0;
				TARGETED_DEVICE_FAMILY = "1,2";
			};
			name = Release;
		};
/* End XCBuildConfiguration section */

/* Begin XCConfigurationList section */
		860B53FD24B5E44B004280F2 /* Build configuration list for PBXProject "PHDivisions" */ = {
			isa = XCConfigurationList;
			buildConfigurations = (
				860B540924B5E44B004280F2 /* Debug */,
				860B540A24B5E44B004280F2 /* Release */,
			);
			defaultConfigurationIsVisible = 0;
			defaultConfigurationName = Release;
		};
		860B540B24B5E44B004280F2 /* Build configuration list for PBXNativeTarget "PHDivisions" */ = {
			isa = XCConfigurationList;
			buildConfigurations = (
				860B540C24B5E44B004280F2 /* Debug */,
				860B540D24B5E44B004280F2 /* Release */,
			);
			defaultConfigurationIsVisible = 0;
			defaultConfigurationName = Release;
		};
/* End XCConfigurationList section */
	};
	rootObject = 860B53FA24B5E44B004280F2 /* Project object */;
}
